{
  "name": "@effectorhq/skill-lint",
  "version": "0.2.0",
  "lockfileVersion": 3,
  "requires": true,
  "packages": {
    "": {
      "name": "@effectorhq/skill-lint",
      "version": "0.2.0",
      "license": "Apache-2.0",
      "dependencies": {
        "@effectorhq/core": "^1.0.0"
      },
      "bin": {
        "skill-lint": "bin/skill-lint.js"
      },
      "engines": {
        "node": ">=18"
      }
    },
    "../effector-core": {
      "name": "@effectorhq/core",
      "version": "1.0.0",
      "license": "Apache-2.0",
      "bin": {
        "effector-core": "src/cli.js"
      },
      "engines": {
        "node": ">=18"
      },
      "funding": {
        "type": "github",
        "url": "https://github.com/sponsors/effectorHQ"
      }
    },
    "node_modules/@effectorhq/core": {
      "resolved": "../effector-core",
      "link": true
    }
  }
}
